// !$*UTF8*$!
{
	archiveVersion = 1;
	classes = {
	};
	objectVersion = 50;
	objects = {

/* Begin PBXBuildFile section */
		EA4ED714239567A9004B6F2E /* AppDelegate.swift in Sources */ = {isa = PBXBuildFile; fileRef = EA4ED713239567A9004B6F2E /* AppDelegate.swift */; };
		EA4ED716239567A9004B6F2E /* SceneDelegate.swift in Sources */ = {isa = PBXBuildFile; fileRef = EA4ED715239567A9004B6F2E /* SceneDelegate.swift */; };
		EA4ED718239567AA004B6F2E /* SearchListViewController.swift in Sources */ = {isa = PBXBuildFile; fileRef = EA4ED717239567A9004B6F2E /* SearchListViewController.swift */; };
		EA4ED71B239567AA004B6F2E /* Main.storyboard in Resources */ = {isa = PBXBuildFile; fileRef = EA4ED719239567AA004B6F2E /* Main.storyboard */; };
		EA4ED71E239567AA004B6F2E /* iOS_CTA_STang.xcdatamodeld in Sources */ = {isa = PBXBuildFile; fileRef = EA4ED71C239567AA004B6F2E /* iOS_CTA_STang.xcdatamodeld */; };
		EA4ED720239567AC004B6F2E /* Assets.xcassets in Resources */ = {isa = PBXBuildFile; fileRef = EA4ED71F239567AC004B6F2E /* Assets.xcassets */; };
		EA4ED723239567AC004B6F2E /* LaunchScreen.storyboard in Resources */ = {isa = PBXBuildFile; fileRef = EA4ED721239567AC004B6F2E /* LaunchScreen.storyboard */; };
		EA4ED72E239567AC004B6F2E /* iOS_CTA_STangTests.swift in Sources */ = {isa = PBXBuildFile; fileRef = EA4ED72D239567AC004B6F2E /* iOS_CTA_STangTests.swift */; };
		EA4ED73F23956A70004B6F2E /* AppUser.swift in Sources */ = {isa = PBXBuildFile; fileRef = EA4ED73E23956A70004B6F2E /* AppUser.swift */; };
		EA4ED74123956AB2004B6F2E /* Event.swift in Sources */ = {isa = PBXBuildFile; fileRef = EA4ED74023956AB2004B6F2E /* Event.swift */; };
		EA4ED74323956AB9004B6F2E /* MuseumItem.swift in Sources */ = {isa = PBXBuildFile; fileRef = EA4ED74223956AB9004B6F2E /* MuseumItem.swift */; };
		EA4ED74623956AE9004B6F2E /* LogInViewController.swift in Sources */ = {isa = PBXBuildFile; fileRef = EA4ED74523956AE9004B6F2E /* LogInViewController.swift */; };
		EA4ED74823956AF8004B6F2E /* SignUpViewController.swift in Sources */ = {isa = PBXBuildFile; fileRef = EA4ED74723956AF8004B6F2E /* SignUpViewController.swift */; };
		EA4ED74A23956B1D004B6F2E /* DetailsViewController.swift in Sources */ = {isa = PBXBuildFile; fileRef = EA4ED74923956B1D004B6F2E /* DetailsViewController.swift */; };
		EA4ED74C23956B52004B6F2E /* FavoritesViewController.swift in Sources */ = {isa = PBXBuildFile; fileRef = EA4ED74B23956B52004B6F2E /* FavoritesViewController.swift */; };
		EA4ED74E23956D03004B6F2E /* SearchTableViewCell.swift in Sources */ = {isa = PBXBuildFile; fileRef = EA4ED74D23956D03004B6F2E /* SearchTableViewCell.swift */; };
		EA4ED7512395750E004B6F2E /* LogInViewController+UI.swift in Sources */ = {isa = PBXBuildFile; fileRef = EA4ED7502395750E004B6F2E /* LogInViewController+UI.swift */; };
		EA4ED75423957771004B6F2E /* UIDesign.swift in Sources */ = {isa = PBXBuildFile; fileRef = EA4ED75323957771004B6F2E /* UIDesign.swift */; };
		EA4ED75623957E2F004B6F2E /* SignUpViewController+UI.swift in Sources */ = {isa = PBXBuildFile; fileRef = EA4ED75523957E2F004B6F2E /* SignUpViewController+UI.swift */; };
		EA4ED75823958515004B6F2E /* SearchListViewController+UI.swift in Sources */ = {isa = PBXBuildFile; fileRef = EA4ED75723958515004B6F2E /* SearchListViewController+UI.swift */; };
		EA4ED75B2395966F004B6F2E /* String+Validation.swift in Sources */ = {isa = PBXBuildFile; fileRef = EA4ED75A2395966F004B6F2E /* String+Validation.swift */; };
		EA4ED75D2395A16D004B6F2E /* FavoritesViewController+UI.swift in Sources */ = {isa = PBXBuildFile; fileRef = EA4ED75C2395A16D004B6F2E /* FavoritesViewController+UI.swift */; };
/* End PBXBuildFile section */

/* Begin PBXContainerItemProxy section */
		EA4ED72A239567AC004B6F2E /* PBXContainerItemProxy */ = {
			isa = PBXContainerItemProxy;
			containerPortal = EA4ED708239567A9004B6F2E /* Project object */;
			proxyType = 1;
			remoteGlobalIDString = EA4ED70F239567A9004B6F2E;
			remoteInfo = "iOS-CTA-STang";
		};
/* End PBXContainerItemProxy section */

/* Begin PBXFileReference section */
		EA4ED710239567A9004B6F2E /* iOS-CTA-STang.app */ = {isa = PBXFileReference; explicitFileType = wrapper.application; includeInIndex = 0; path = "iOS-CTA-STang.app"; sourceTree = BUILT_PRODUCTS_DIR; };
		EA4ED713239567A9004B6F2E /* AppDelegate.swift */ = {isa = PBXFileReference; lastKnownFileType = sourcecode.swift; path = AppDelegate.swift; sourceTree = "<group>"; };
		EA4ED715239567A9004B6F2E /* SceneDelegate.swift */ = {isa = PBXFileReference; lastKnownFileType = sourcecode.swift; path = SceneDelegate.swift; sourceTree = "<group>"; };
		EA4ED717239567A9004B6F2E /* SearchListViewController.swift */ = {isa = PBXFileReference; lastKnownFileType = sourcecode.swift; path = SearchListViewController.swift; sourceTree = "<group>"; };
		EA4ED71A239567AA004B6F2E /* Base */ = {isa = PBXFileReference; lastKnownFileType = file.storyboard; name = Base; path = Base.lproj/Main.storyboard; sourceTree = "<group>"; };
		EA4ED71D239567AA004B6F2E /* iOS_CTA_STang.xcdatamodel */ = {isa = PBXFileReference; lastKnownFileType = wrapper.xcdatamodel; path = iOS_CTA_STang.xcdatamodel; sourceTree = "<group>"; };
		EA4ED71F239567AC004B6F2E /* Assets.xcassets */ = {isa = PBXFileReference; lastKnownFileType = folder.assetcatalog; path = Assets.xcassets; sourceTree = "<group>"; };
		EA4ED722239567AC004B6F2E /* Base */ = {isa = PBXFileReference; lastKnownFileType = file.storyboard; name = Base; path = Base.lproj/LaunchScreen.storyboard; sourceTree = "<group>"; };
		EA4ED724239567AC004B6F2E /* Info.plist */ = {isa = PBXFileReference; lastKnownFileType = text.plist.xml; path = Info.plist; sourceTree = "<group>"; };
		EA4ED729239567AC004B6F2E /* iOS-CTA-STangTests.xctest */ = {isa = PBXFileReference; explicitFileType = wrapper.cfbundle; includeInIndex = 0; path = "iOS-CTA-STangTests.xctest"; sourceTree = BUILT_PRODUCTS_DIR; };
		EA4ED72D239567AC004B6F2E /* iOS_CTA_STangTests.swift */ = {isa = PBXFileReference; lastKnownFileType = sourcecode.swift; path = iOS_CTA_STangTests.swift; sourceTree = "<group>"; };
		EA4ED72F239567AC004B6F2E /* Info.plist */ = {isa = PBXFileReference; lastKnownFileType = text.plist.xml; path = Info.plist; sourceTree = "<group>"; };
		EA4ED73E23956A70004B6F2E /* AppUser.swift */ = {isa = PBXFileReference; lastKnownFileType = sourcecode.swift; path = AppUser.swift; sourceTree = "<group>"; };
		EA4ED74023956AB2004B6F2E /* Event.swift */ = {isa = PBXFileReference; lastKnownFileType = sourcecode.swift; path = Event.swift; sourceTree = "<group>"; };
		EA4ED74223956AB9004B6F2E /* MuseumItem.swift */ = {isa = PBXFileReference; lastKnownFileType = sourcecode.swift; path = MuseumItem.swift; sourceTree = "<group>"; };
		EA4ED74523956AE9004B6F2E /* LogInViewController.swift */ = {isa = PBXFileReference; lastKnownFileType = sourcecode.swift; path = LogInViewController.swift; sourceTree = "<group>"; };
		EA4ED74723956AF8004B6F2E /* SignUpViewController.swift */ = {isa = PBXFileReference; lastKnownFileType = sourcecode.swift; path = SignUpViewController.swift; sourceTree = "<group>"; };
		EA4ED74923956B1D004B6F2E /* DetailsViewController.swift */ = {isa = PBXFileReference; lastKnownFileType = sourcecode.swift; path = DetailsViewController.swift; sourceTree = "<group>"; };
		EA4ED74B23956B52004B6F2E /* FavoritesViewController.swift */ = {isa = PBXFileReference; lastKnownFileType = sourcecode.swift; path = FavoritesViewController.swift; sourceTree = "<group>"; };
		EA4ED74D23956D03004B6F2E /* SearchTableViewCell.swift */ = {isa = PBXFileReference; lastKnownFileType = sourcecode.swift; path = SearchTableViewCell.swift; sourceTree = "<group>"; };
		EA4ED7502395750E004B6F2E /* LogInViewController+UI.swift */ = {isa = PBXFileReference; lastKnownFileType = sourcecode.swift; path = "LogInViewController+UI.swift"; sourceTree = "<group>"; };
		EA4ED75323957771004B6F2E /* UIDesign.swift */ = {isa = PBXFileReference; lastKnownFileType = sourcecode.swift; path = UIDesign.swift; sourceTree = "<group>"; };
		EA4ED75523957E2F004B6F2E /* SignUpViewController+UI.swift */ = {isa = PBXFileReference; lastKnownFileType = sourcecode.swift; path = "SignUpViewController+UI.swift"; sourceTree = "<group>"; };
		EA4ED75723958515004B6F2E /* SearchListViewController+UI.swift */ = {isa = PBXFileReference; lastKnownFileType = sourcecode.swift; path = "SearchListViewController+UI.swift"; sourceTree = "<group>"; };
		EA4ED75A2395966F004B6F2E /* String+Validation.swift */ = {isa = PBXFileReference; lastKnownFileType = sourcecode.swift; path = "String+Validation.swift"; sourceTree = "<group>"; };
		EA4ED75C2395A16D004B6F2E /* FavoritesViewController+UI.swift */ = {isa = PBXFileReference; lastKnownFileType = sourcecode.swift; path = "FavoritesViewController+UI.swift"; sourceTree = "<group>"; };
/* End PBXFileReference section */

/* Begin PBXFrameworksBuildPhase section */
		EA4ED70D239567A9004B6F2E /* Frameworks */ = {
			isa = PBXFrameworksBuildPhase;
			buildActionMask = 2147483647;
			files = (
			);
			runOnlyForDeploymentPostprocessing = 0;
		};
		EA4ED726239567AC004B6F2E /* Frameworks */ = {
			isa = PBXFrameworksBuildPhase;
			buildActionMask = 2147483647;
			files = (
			);
			runOnlyForDeploymentPostprocessing = 0;
		};
/* End PBXFrameworksBuildPhase section */

/* Begin PBXGroup section */
		EA4ED707239567A9004B6F2E = {
			isa = PBXGroup;
			children = (
				EA4ED712239567A9004B6F2E /* iOS-CTA-STang */,
				EA4ED72C239567AC004B6F2E /* iOS-CTA-STangTests */,
				EA4ED711239567A9004B6F2E /* Products */,
			);
			sourceTree = "<group>";
		};
		EA4ED711239567A9004B6F2E /* Products */ = {
			isa = PBXGroup;
			children = (
				EA4ED710239567A9004B6F2E /* iOS-CTA-STang.app */,
				EA4ED729239567AC004B6F2E /* iOS-CTA-STangTests.xctest */,
			);
			name = Products;
			sourceTree = "<group>";
		};
		EA4ED712239567A9004B6F2E /* iOS-CTA-STang */ = {
			isa = PBXGroup;
			children = (
				EA4ED738239569CC004B6F2E /* Models */,
				EA4ED739239569D2004B6F2E /* Controllers */,
				EA4ED73A239569DB004B6F2E /* Views */,
				EA4ED713239567A9004B6F2E /* AppDelegate.swift */,
				EA4ED73B239569E7004B6F2E /* Utilities */,
				EA4ED7592395965C004B6F2E /* Extensions */,
				EA4ED73D23956A2D004B6F2E /* Supporting Files */,
				EA4ED724239567AC004B6F2E /* Info.plist */,
				EA4ED71C239567AA004B6F2E /* iOS_CTA_STang.xcdatamodeld */,
			);
			path = "iOS-CTA-STang";
			sourceTree = "<group>";
		};
		EA4ED72C239567AC004B6F2E /* iOS-CTA-STangTests */ = {
			isa = PBXGroup;
			children = (
				EA4ED72D239567AC004B6F2E /* iOS_CTA_STangTests.swift */,
				EA4ED72F239567AC004B6F2E /* Info.plist */,
			);
			path = "iOS-CTA-STangTests";
			sourceTree = "<group>";
		};
		EA4ED738239569CC004B6F2E /* Models */ = {
			isa = PBXGroup;
			children = (
				EA4ED73E23956A70004B6F2E /* AppUser.swift */,
				EA4ED74023956AB2004B6F2E /* Event.swift */,
				EA4ED74223956AB9004B6F2E /* MuseumItem.swift */,
			);
			path = Models;
			sourceTree = "<group>";
		};
		EA4ED739239569D2004B6F2E /* Controllers */ = {
			isa = PBXGroup;
			children = (
				EA4ED74423956ACE004B6F2E /* Authentication */,
				EA4ED75F2395A40E004B6F2E /* Search */,
				EA4ED75E2395A405004B6F2E /* Favorites */,
			);
			path = Controllers;
			sourceTree = "<group>";
		};
		EA4ED73A239569DB004B6F2E /* Views */ = {
			isa = PBXGroup;
			children = (
				EA4ED719239567AA004B6F2E /* Main.storyboard */,
				EA4ED74D23956D03004B6F2E /* SearchTableViewCell.swift */,
			);
			path = Views;
			sourceTree = "<group>";
		};
		EA4ED73B239569E7004B6F2E /* Utilities */ = {
			isa = PBXGroup;
			children = (
				EA4ED73C239569F5004B6F2E /* Firebase */,
				EA4ED74F23956DD2004B6F2E /* Networking */,
				EA4ED75223957758004B6F2E /* UIDesign */,
			);
			path = Utilities;
			sourceTree = "<group>";
		};
		EA4ED73C239569F5004B6F2E /* Firebase */ = {
			isa = PBXGroup;
			children = (
			);
			path = Firebase;
			sourceTree = "<group>";
		};
		EA4ED73D23956A2D004B6F2E /* Supporting Files */ = {
			isa = PBXGroup;
			children = (
				EA4ED721239567AC004B6F2E /* LaunchScreen.storyboard */,
				EA4ED715239567A9004B6F2E /* SceneDelegate.swift */,
				EA4ED71F239567AC004B6F2E /* Assets.xcassets */,
			);
			path = "Supporting Files";
			sourceTree = "<group>";
		};
		EA4ED74423956ACE004B6F2E /* Authentication */ = {
			isa = PBXGroup;
			children = (
				EA4ED74523956AE9004B6F2E /* LogInViewController.swift */,
				EA4ED7502395750E004B6F2E /* LogInViewController+UI.swift */,
				EA4ED74723956AF8004B6F2E /* SignUpViewController.swift */,
				EA4ED75523957E2F004B6F2E /* SignUpViewController+UI.swift */,
			);
			path = Authentication;
			sourceTree = "<group>";
		};
		EA4ED74F23956DD2004B6F2E /* Networking */ = {
			isa = PBXGroup;
			children = (
			);
			path = Networking;
			sourceTree = "<group>";
		};
		EA4ED75223957758004B6F2E /* UIDesign */ = {
			isa = PBXGroup;
			children = (
				EA4ED75323957771004B6F2E /* UIDesign.swift */,
			);
			path = UIDesign;
			sourceTree = "<group>";
		};
		EA4ED7592395965C004B6F2E /* Extensions */ = {
			isa = PBXGroup;
			children = (
				EA4ED75A2395966F004B6F2E /* String+Validation.swift */,
			);
			path = Extensions;
			sourceTree = "<group>";
		};
		EA4ED75E2395A405004B6F2E /* Favorites */ = {
			isa = PBXGroup;
			children = (
				EA4ED74B23956B52004B6F2E /* FavoritesViewController.swift */,
				EA4ED75C2395A16D004B6F2E /* FavoritesViewController+UI.swift */,
			);
			path = Favorites;
			sourceTree = "<group>";
		};
		EA4ED75F2395A40E004B6F2E /* Search */ = {
			isa = PBXGroup;
			children = (
				EA4ED717239567A9004B6F2E /* SearchListViewController.swift */,
				EA4ED75723958515004B6F2E /* SearchListViewController+UI.swift */,
				EA4ED74923956B1D004B6F2E /* DetailsViewController.swift */,
			);
			path = Search;
			sourceTree = "<group>";
		};
/* End PBXGroup section */

/* Begin PBXNativeTarget section */
		EA4ED70F239567A9004B6F2E /* iOS-CTA-STang */ = {
			isa = PBXNativeTarget;
			buildConfigurationList = EA4ED732239567AC004B6F2E /* Build configuration list for PBXNativeTarget "iOS-CTA-STang" */;
			buildPhases = (
				EA4ED70C239567A9004B6F2E /* Sources */,
				EA4ED70D239567A9004B6F2E /* Frameworks */,
				EA4ED70E239567A9004B6F2E /* Resources */,
			);
			buildRules = (
			);
			dependencies = (
			);
			name = "iOS-CTA-STang";
			productName = "iOS-CTA-STang";
			productReference = EA4ED710239567A9004B6F2E /* iOS-CTA-STang.app */;
			productType = "com.apple.product-type.application";
		};
		EA4ED728239567AC004B6F2E /* iOS-CTA-STangTests */ = {
			isa = PBXNativeTarget;
			buildConfigurationList = EA4ED735239567AC004B6F2E /* Build configuration list for PBXNativeTarget "iOS-CTA-STangTests" */;
			buildPhases = (
				EA4ED725239567AC004B6F2E /* Sources */,
				EA4ED726239567AC004B6F2E /* Frameworks */,
				EA4ED727239567AC004B6F2E /* Resources */,
			);
			buildRules = (
			);
			dependencies = (
				EA4ED72B239567AC004B6F2E /* PBXTargetDependency */,
			);
			name = "iOS-CTA-STangTests";
			productName = "iOS-CTA-STangTests";
			productReference = EA4ED729239567AC004B6F2E /* iOS-CTA-STangTests.xctest */;
			productType = "com.apple.product-type.bundle.unit-test";
		};
/* End PBXNativeTarget section */

/* Begin PBXProject section */
		EA4ED708239567A9004B6F2E /* Project object */ = {
			isa = PBXProject;
			attributes = {
				LastSwiftUpdateCheck = 1120;
				LastUpgradeCheck = 1120;
				ORGANIZATIONNAME = "Sunni Tang";
				TargetAttributes = {
					EA4ED70F239567A9004B6F2E = {
						CreatedOnToolsVersion = 11.2.1;
					};
					EA4ED728239567AC004B6F2E = {
						CreatedOnToolsVersion = 11.2.1;
						TestTargetID = EA4ED70F239567A9004B6F2E;
					};
				};
			};
			buildConfigurationList = EA4ED70B239567A9004B6F2E /* Build configuration list for PBXProject "iOS-CTA-STang" */;
			compatibilityVersion = "Xcode 9.3";
			developmentRegion = en;
			hasScannedForEncodings = 0;
			knownRegions = (
				en,
				Base,
			);
			mainGroup = EA4ED707239567A9004B6F2E;
			productRefGroup = EA4ED711239567A9004B6F2E /* Products */;
			projectDirPath = "";
			projectRoot = "";
			targets = (
				EA4ED70F239567A9004B6F2E /* iOS-CTA-STang */,
				EA4ED728239567AC004B6F2E /* iOS-CTA-STangTests */,
			);
		};
/* End PBXProject section */

/* Begin PBXResourcesBuildPhase section */
		EA4ED70E239567A9004B6F2E /* Resources */ = {
			isa = PBXResourcesBuildPhase;
			buildActionMask = 2147483647;
			files = (
				EA4ED723239567AC004B6F2E /* LaunchScreen.storyboard in Resources */,
				EA4ED720239567AC004B6F2E /* Assets.xcassets in Resources */,
				EA4ED71B239567AA004B6F2E /* Main.storyboard in Resources */,
			);
			runOnlyForDeploymentPostprocessing = 0;
		};
		EA4ED727239567AC004B6F2E /* Resources */ = {
			isa = PBXResourcesBuildPhase;
			buildActionMask = 2147483647;
			files = (
			);
			runOnlyForDeploymentPostprocessing = 0;
		};
/* End PBXResourcesBuildPhase section */

/* Begin PBXSourcesBuildPhase section */
		EA4ED70C239567A9004B6F2E /* Sources */ = {
			isa = PBXSourcesBuildPhase;
			buildActionMask = 2147483647;
			files = (
				EA4ED75D2395A16D004B6F2E /* FavoritesViewController+UI.swift in Sources */,
				EA4ED74C23956B52004B6F2E /* FavoritesViewController.swift in Sources */,
				EA4ED71E239567AA004B6F2E /* iOS_CTA_STang.xcdatamodeld in Sources */,
				EA4ED75823958515004B6F2E /* SearchListViewController+UI.swift in Sources */,
				EA4ED74E23956D03004B6F2E /* SearchTableViewCell.swift in Sources */,
				EA4ED718239567AA004B6F2E /* SearchListViewController.swift in Sources */,
				EA4ED714239567A9004B6F2E /* AppDelegate.swift in Sources */,
				EA4ED73F23956A70004B6F2E /* AppUser.swift in Sources */,
				EA4ED74623956AE9004B6F2E /* LogInViewController.swift in Sources */,
				EA4ED74323956AB9004B6F2E /* MuseumItem.swift in Sources */,
				EA4ED74823956AF8004B6F2E /* SignUpViewController.swift in Sources */,
				EA4ED75623957E2F004B6F2E /* SignUpViewController+UI.swift in Sources */,
				EA4ED75B2395966F004B6F2E /* String+Validation.swift in Sources */,
				EA4ED75423957771004B6F2E /* UIDesign.swift in Sources */,
				EA4ED7512395750E004B6F2E /* LogInViewController+UI.swift in Sources */,
				EA4ED74A23956B1D004B6F2E /* DetailsViewController.swift in Sources */,
				EA4ED74123956AB2004B6F2E /* Event.swift in Sources */,
				EA4ED716239567A9004B6F2E /* SceneDelegate.swift in Sources */,
			);
			runOnlyForDeploymentPostprocessing = 0;
		};
		EA4ED725239567AC004B6F2E /* Sources */ = {
			isa = PBXSourcesBuildPhase;
			buildActionMask = 2147483647;
			files = (
				EA4ED72E239567AC004B6F2E /* iOS_CTA_STangTests.swift in Sources */,
			);
			runOnlyForDeploymentPostprocessing = 0;
		};
/* End PBXSourcesBuildPhase section */

/* Begin PBXTargetDependency section */
		EA4ED72B239567AC004B6F2E /* PBXTargetDependency */ = {
			isa = PBXTargetDependency;
			target = EA4ED70F239567A9004B6F2E /* iOS-CTA-STang */;
			targetProxy = EA4ED72A239567AC004B6F2E /* PBXContainerItemProxy */;
		};
/* End PBXTargetDependency section */

/* Begin PBXVariantGroup section */
		EA4ED719239567AA004B6F2E /* Main.storyboard */ = {
			isa = PBXVariantGroup;
			children = (
				EA4ED71A239567AA004B6F2E /* Base */,
			);
			name = Main.storyboard;
			sourceTree = "<group>";
		};
		EA4ED721239567AC004B6F2E /* LaunchScreen.storyboard */ = {
			isa = PBXVariantGroup;
			children = (
				EA4ED722239567AC004B6F2E /* Base */,
			);
			name = LaunchScreen.storyboard;
			sourceTree = "<group>";
		};
/* End PBXVariantGroup section */

/* Begin XCBuildConfiguration section */
		EA4ED730239567AC004B6F2E /* Debug */ = {
			isa = XCBuildConfiguration;
			buildSettings = {
				ALWAYS_SEARCH_USER_PATHS = NO;
				CLANG_ANALYZER_NONNULL = YES;
				CLANG_ANALYZER_NUMBER_OBJECT_CONVERSION = YES_AGGRESSIVE;
				CLANG_CXX_LANGUAGE_STANDARD = "gnu++14";
				CLANG_CXX_LIBRARY = "libc++";
				CLANG_ENABLE_MODULES = YES;
				CLANG_ENABLE_OBJC_ARC = YES;
				CLANG_ENABLE_OBJC_WEAK = YES;
				CLANG_WARN_BLOCK_CAPTURE_AUTORELEASING = YES;
				CLANG_WARN_BOOL_CONVERSION = YES;
				CLANG_WARN_COMMA = YES;
				CLANG_WARN_CONSTANT_CONVERSION = YES;
				CLANG_WARN_DEPRECATED_OBJC_IMPLEMENTATIONS = YES;
				CLANG_WARN_DIRECT_OBJC_ISA_USAGE = YES_ERROR;
				CLANG_WARN_DOCUMENTATION_COMMENTS = YES;
				CLANG_WARN_EMPTY_BODY = YES;
				CLANG_WARN_ENUM_CONVERSION = YES;
				CLANG_WARN_INFINITE_RECURSION = YES;
				CLANG_WARN_INT_CONVERSION = YES;
				CLANG_WARN_NON_LITERAL_NULL_CONVERSION = YES;
				CLANG_WARN_OBJC_IMPLICIT_RETAIN_SELF = YES;
				CLANG_WARN_OBJC_LITERAL_CONVERSION = YES;
				CLANG_WARN_OBJC_ROOT_CLASS = YES_ERROR;
				CLANG_WARN_RANGE_LOOP_ANALYSIS = YES;
				CLANG_WARN_STRICT_PROTOTYPES = YES;
				CLANG_WARN_SUSPICIOUS_MOVE = YES;
				CLANG_WARN_UNGUARDED_AVAILABILITY = YES_AGGRESSIVE;
				CLANG_WARN_UNREACHABLE_CODE = YES;
				CLANG_WARN__DUPLICATE_METHOD_MATCH = YES;
				COPY_PHASE_STRIP = NO;
				DEBUG_INFORMATION_FORMAT = dwarf;
				ENABLE_STRICT_OBJC_MSGSEND = YES;
				ENABLE_TESTABILITY = YES;
				GCC_C_LANGUAGE_STANDARD = gnu11;
				GCC_DYNAMIC_NO_PIC = NO;
				GCC_NO_COMMON_BLOCKS = YES;
				GCC_OPTIMIZATION_LEVEL = 0;
				GCC_PREPROCESSOR_DEFINITIONS = (
					"DEBUG=1",
					"$(inherited)",
				);
				GCC_WARN_64_TO_32_BIT_CONVERSION = YES;
				GCC_WARN_ABOUT_RETURN_TYPE = YES_ERROR;
				GCC_WARN_UNDECLARED_SELECTOR = YES;
				GCC_WARN_UNINITIALIZED_AUTOS = YES_AGGRESSIVE;
				GCC_WARN_UNUSED_FUNCTION = YES;
				GCC_WARN_UNUSED_VARIABLE = YES;
				IPHONEOS_DEPLOYMENT_TARGET = 13.2;
				MTL_ENABLE_DEBUG_INFO = INCLUDE_SOURCE;
				MTL_FAST_MATH = YES;
				ONLY_ACTIVE_ARCH = YES;
				SDKROOT = iphoneos;
				SWIFT_ACTIVE_COMPILATION_CONDITIONS = DEBUG;
				SWIFT_OPTIMIZATION_LEVEL = "-Onone";
			};
			name = Debug;
		};
		EA4ED731239567AC004B6F2E /* Release */ = {
			isa = XCBuildConfiguration;
			buildSettings = {
				ALWAYS_SEARCH_USER_PATHS = NO;
				CLANG_ANALYZER_NONNULL = YES;
				CLANG_ANALYZER_NUMBER_OBJECT_CONVERSION = YES_AGGRESSIVE;
				CLANG_CXX_LANGUAGE_STANDARD = "gnu++14";
				CLANG_CXX_LIBRARY = "libc++";
				CLANG_ENABLE_MODULES = YES;
				CLANG_ENABLE_OBJC_ARC = YES;
				CLANG_ENABLE_OBJC_WEAK = YES;
				CLANG_WARN_BLOCK_CAPTURE_AUTORELEASING = YES;
				CLANG_WARN_BOOL_CONVERSION = YES;
				CLANG_WARN_COMMA = YES;
				CLANG_WARN_CONSTANT_CONVERSION = YES;
				CLANG_WARN_DEPRECATED_OBJC_IMPLEMENTATIONS = YES;
				CLANG_WARN_DIRECT_OBJC_ISA_USAGE = YES_ERROR;
				CLANG_WARN_DOCUMENTATION_COMMENTS = YES;
				CLANG_WARN_EMPTY_BODY = YES;
				CLANG_WARN_ENUM_CONVERSION = YES;
				CLANG_WARN_INFINITE_RECURSION = YES;
				CLANG_WARN_INT_CONVERSION = YES;
				CLANG_WARN_NON_LITERAL_NULL_CONVERSION = YES;
				CLANG_WARN_OBJC_IMPLICIT_RETAIN_SELF = YES;
				CLANG_WARN_OBJC_LITERAL_CONVERSION = YES;
				CLANG_WARN_OBJC_ROOT_CLASS = YES_ERROR;
				CLANG_WARN_RANGE_LOOP_ANALYSIS = YES;
				CLANG_WARN_STRICT_PROTOTYPES = YES;
				CLANG_WARN_SUSPICIOUS_MOVE = YES;
				CLANG_WARN_UNGUARDED_AVAILABILITY = YES_AGGRESSIVE;
				CLANG_WARN_UNREACHABLE_CODE = YES;
				CLANG_WARN__DUPLICATE_METHOD_MATCH = YES;
				COPY_PHASE_STRIP = NO;
				DEBUG_INFORMATION_FORMAT = "dwarf-with-dsym";
				ENABLE_NS_ASSERTIONS = NO;
				ENABLE_STRICT_OBJC_MSGSEND = YES;
				GCC_C_LANGUAGE_STANDARD = gnu11;
				GCC_NO_COMMON_BLOCKS = YES;
				GCC_WARN_64_TO_32_BIT_CONVERSION = YES;
				GCC_WARN_ABOUT_RETURN_TYPE = YES_ERROR;
				GCC_WARN_UNDECLARED_SELECTOR = YES;
				GCC_WARN_UNINITIALIZED_AUTOS = YES_AGGRESSIVE;
				GCC_WARN_UNUSED_FUNCTION = YES;
				GCC_WARN_UNUSED_VARIABLE = YES;
				IPHONEOS_DEPLOYMENT_TARGET = 13.2;
				MTL_ENABLE_DEBUG_INFO = NO;
				MTL_FAST_MATH = YES;
				SDKROOT = iphoneos;
				SWIFT_COMPILATION_MODE = wholemodule;
				SWIFT_OPTIMIZATION_LEVEL = "-O";
				VALIDATE_PRODUCT = YES;
			};
			name = Release;
		};
		EA4ED733239567AC004B6F2E /* Debug */ = {
			isa = XCBuildConfiguration;
			buildSettings = {
				ASSETCATALOG_COMPILER_APPICON_NAME = AppIcon;
				CODE_SIGN_STYLE = Automatic;
				INFOPLIST_FILE = "iOS-CTA-STang/Info.plist";
				LD_RUNPATH_SEARCH_PATHS = (
					"$(inherited)",
					"@executable_path/Frameworks",
				);
				PRODUCT_BUNDLE_IDENTIFIER = "Pursuit-6.1.iOS-CTA-STang";
				PRODUCT_NAME = "$(TARGET_NAME)";
				SWIFT_VERSION = 5.0;
				TARGETED_DEVICE_FAMILY = "1,2";
			};
			name = Debug;
		};
		EA4ED734239567AC004B6F2E /* Release */ = {
			isa = XCBuildConfiguration;
			buildSettings = {
				ASSETCATALOG_COMPILER_APPICON_NAME = AppIcon;
				CODE_SIGN_STYLE = Automatic;
				INFOPLIST_FILE = "iOS-CTA-STang/Info.plist";
				LD_RUNPATH_SEARCH_PATHS = (
					"$(inherited)",
					"@executable_path/Frameworks",
				);
				PRODUCT_BUNDLE_IDENTIFIER = "Pursuit-6.1.iOS-CTA-STang";
				PRODUCT_NAME = "$(TARGET_NAME)";
				SWIFT_VERSION = 5.0;
				TARGETED_DEVICE_FAMILY = "1,2";
			};
			name = Release;
		};
		EA4ED736239567AC004B6F2E /* Debug */ = {
			isa = XCBuildConfiguration;
			buildSettings = {
				ALWAYS_EMBED_SWIFT_STANDARD_LIBRARIES = YES;
				BUNDLE_LOADER = "$(TEST_HOST)";
				CODE_SIGN_STYLE = Automatic;
				INFOPLIST_FILE = "iOS-CTA-STangTests/Info.plist";
				IPHONEOS_DEPLOYMENT_TARGET = 13.2;
				LD_RUNPATH_SEARCH_PATHS = (
					"$(inherited)",
					"@executable_path/Frameworks",
					"@loader_path/Frameworks",
				);
				PRODUCT_BUNDLE_IDENTIFIER = "Pursuit-6.1.iOS-CTA-STangTests";
				PRODUCT_NAME = "$(TARGET_NAME)";
				SWIFT_VERSION = 5.0;
				TARGETED_DEVICE_FAMILY = "1,2";
				TEST_HOST = "$(BUILT_PRODUCTS_DIR)/iOS-CTA-STang.app/iOS-CTA-STang";
			};
			name = Debug;
		};
		EA4ED737239567AC004B6F2E /* Release */ = {
			isa = XCBuildConfiguration;
			buildSettings = {
				ALWAYS_EMBED_SWIFT_STANDARD_LIBRARIES = YES;
				BUNDLE_LOADER = "$(TEST_HOST)";
				CODE_SIGN_STYLE = Automatic;
				INFOPLIST_FILE = "iOS-CTA-STangTests/Info.plist";
				IPHONEOS_DEPLOYMENT_TARGET = 13.2;
				LD_RUNPATH_SEARCH_PATHS = (
					"$(inherited)",
					"@executable_path/Frameworks",
					"@loader_path/Frameworks",
				);
				PRODUCT_BUNDLE_IDENTIFIER = "Pursuit-6.1.iOS-CTA-STangTests";
				PRODUCT_NAME = "$(TARGET_NAME)";
				SWIFT_VERSION = 5.0;
				TARGETED_DEVICE_FAMILY = "1,2";
				TEST_HOST = "$(BUILT_PRODUCTS_DIR)/iOS-CTA-STang.app/iOS-CTA-STang";
			};
			name = Release;
		};
/* End XCBuildConfiguration section */

/* Begin XCConfigurationList section */
		EA4ED70B239567A9004B6F2E /* Build configuration list for PBXProject "iOS-CTA-STang" */ = {
			isa = XCConfigurationList;
			buildConfigurations = (
				EA4ED730239567AC004B6F2E /* Debug */,
				EA4ED731239567AC004B6F2E /* Release */,
			);
			defaultConfigurationIsVisible = 0;
			defaultConfigurationName = Release;
		};
		EA4ED732239567AC004B6F2E /* Build configuration list for PBXNativeTarget "iOS-CTA-STang" */ = {
			isa = XCConfigurationList;
			buildConfigurations = (
				EA4ED733239567AC004B6F2E /* Debug */,
				EA4ED734239567AC004B6F2E /* Release */,
			);
			defaultConfigurationIsVisible = 0;
			defaultConfigurationName = Release;
		};
		EA4ED735239567AC004B6F2E /* Build configuration list for PBXNativeTarget "iOS-CTA-STangTests" */ = {
			isa = XCConfigurationList;
			buildConfigurations = (
				EA4ED736239567AC004B6F2E /* Debug */,
				EA4ED737239567AC004B6F2E /* Release */,
			);
			defaultConfigurationIsVisible = 0;
			defaultConfigurationName = Release;
		};
/* End XCConfigurationList section */

/* Begin XCVersionGroup section */
		EA4ED71C239567AA004B6F2E /* iOS_CTA_STang.xcdatamodeld */ = {
			isa = XCVersionGroup;
			children = (
				EA4ED71D239567AA004B6F2E /* iOS_CTA_STang.xcdatamodel */,
			);
			currentVersion = EA4ED71D239567AA004B6F2E /* iOS_CTA_STang.xcdatamodel */;
			path = iOS_CTA_STang.xcdatamodeld;
			sourceTree = "<group>";
			versionGroupType = wrapper.xcdatamodel;
		};
/* End XCVersionGroup section */
	};
	rootObject = EA4ED708239567A9004B6F2E /* Project object */;
}
